<Solution>
  <Configurations>
    <Platform Name="ARM" />
    <Platform Name="ARM64" />
    <Platform Name="x64" />
    <Platform Name="x86" />
  </Configurations>
  <Project Path="ESP32 Weather Station 2.vcxproj" Id="904b96ce-2ac7-4734-8098-dfff2e8b8e84">
    <Platform Solution="*|x86" Project="x86" />
    <Deploy />
  </Project>
</Solution>
