<?xml version="1.0" encoding="utf-8"?>
<Project ToolsVersion="4.0" xmlns="http://schemas.microsoft.com/developer/msbuild/2003">
  <ItemGroup>
    <Filter Include="Source Files">
      <UniqueIdentifier>{4FC737F1-C7A5-4376-A066-2A32D752A2FF}</UniqueIdentifier>
      <Extensions>cpp;c;cc;cxx;def;odl;idl;hpj;bat;asm;asmx</Extensions>
    </Filter>
    <Filter Include="Header Files">
      <UniqueIdentifier>{93995380-89BD-4b04-88EB-625FBE52EBFB}</UniqueIdentifier>
      <Extensions>h;hh;hpp;hxx;hm;inl;inc;xsd</Extensions>
    </Filter>
    <Filter Include="Misc Files">
      <UniqueIdentifier>{67DA6AB6-F800-4c08-8B7A-83BB121AAD01}</UniqueIdentifier>
      <Extensions>xml;json;txt;rc;ico;cur;bmp;dlg;rc2;rct;bin;rgs;gif;jpg;jpeg;jpe;resx;tiff;tif;png;wav;mfcribbon-ms</Extensions>
    </Filter>
  </ItemGroup>
  <ItemGroup>
    <None Include="src\arduino folders read me.txt">
      <Filter>Misc Files</Filter>
    </None>
    <None Include="partitions.csv" />
    <None Include="README.md" />
    <None Include="README_charts.md" />
    <None Include="README_DataInLittleFS.md" />
    <None Include="README_DavisAnemometer.md" />
    <None Include="README_Weather_Measurements.md" />
    <None Include="README_wind.md" />
    <None Include="Sensor readings.cd" />
    <None Include="README_ProjectStatus.md" />
    <None Include="Data\js\chart.js" />
    <None Include="Data\js\highcharts.js" />
    <None Include="Data\html\Admin.html" />
    <None Include="Data\html\chart.html" />
    <None Include="Data\html\gps.html" />
    <None Include="Data\html\sensors.html" />
    <None Include="Data\html\summary.html" />
    <None Include="Data\css\highcharts.alt.css" />
    <None Include="Data\css\highcharts.css" />
    <None Include="Data\css\highcharts-custom.css" />
    <None Include="Data\css\style.light.min.css" />
    <None Include="Data\css\style.min.css" />
  </ItemGroup>
  <ItemGroup>
    <ClCompile Include="FileOperations.cpp">
      <Filter>Source Files</Filter>
    </ClCompile>
    <ClCompile Include="GPSModule.cpp">
      <Filter>Source Files</Filter>
    </ClCompile>
    <ClCompile Include="ListFunctions.cpp">
      <Filter>Source Files</Filter>
    </ClCompile>
    <ClCompile Include="SDCard.cpp">
      <Filter>Source Files</Filter>
    </ClCompile>
    <ClCompile Include="SensorData.cpp">
      <Filter>Source Files</Filter>
    </ClCompile>
    <ClCompile Include="SensorSimulate.cpp">
      <Filter>Source Files</Filter>
    </ClCompile>
    <ClCompile Include="Testing.cpp">
      <Filter>Source Files</Filter>
    </ClCompile>
    <ClCompile Include="Utilities.cpp">
      <Filter>Source Files</Filter>
    </ClCompile>
    <ClCompile Include="Weather Stx0 Logging.ino" />
    <ClCompile Include="Weather Stx1 Sensors.ino" />
    <ClCompile Include="Weather Stx3 WebServer.ino" />
    <ClCompile Include="Weather Stx4 WebServer Processor.ino" />
    <ClCompile Include="Weather Stx6 Outputs.ino" />
    <ClCompile Include="WindDirection.cpp">
      <Filter>Source Files</Filter>
    </ClCompile>
    <ClCompile Include="WindSpeed2.cpp">
      <Filter>Source Files</Filter>
    </ClCompile>
    <ClCompile Include="ESP32 Weather Station 2.ino" />
    <ClCompile Include="WiFiTools.cpp">
      <Filter>Source Files</Filter>
    </ClCompile>
  </ItemGroup>
  <ItemGroup>
    <ClInclude Include="__vm\.ESP32 Weather Station 2.vsarduino.h">
      <Filter>Header Files</Filter>
    </ClInclude>
    <ClInclude Include="App_Settings.h">
      <Filter>Header Files</Filter>
    </ClInclude>
    <ClInclude Include="DataPoint.h">
      <Filter>Header Files</Filter>
    </ClInclude>
    <ClInclude Include="FileOperations.h">
      <Filter>Header Files</Filter>
    </ClInclude>
    <ClInclude Include="GPSModule.h">
      <Filter>Header Files</Filter>
    </ClInclude>
    <ClInclude Include="ListFunctions.h">
      <Filter>Header Files</Filter>
    </ClInclude>
    <ClInclude Include="PinAssignments.h">
      <Filter>Header Files</Filter>
    </ClInclude>
    <ClInclude Include="SDCard.h">
      <Filter>Header Files</Filter>
    </ClInclude>
    <ClInclude Include="SensorData.h">
      <Filter>Header Files</Filter>
    </ClInclude>
    <ClInclude Include="SensorSimulate.h">
      <Filter>Header Files</Filter>
    </ClInclude>
    <ClInclude Include="Testing.h">
      <Filter>Header Files</Filter>
    </ClInclude>
    <ClInclude Include="Utilities.h">
      <Filter>Header Files</Filter>
    </ClInclude>
    <ClInclude Include="WindDirection.h">
      <Filter>Header Files</Filter>
    </ClInclude>
    <ClInclude Include="WindSpeed2.h">
      <Filter>Header Files</Filter>
    </ClInclude>
    <ClInclude Include="WiFiTools.h">
      <Filter>Header Files</Filter>
    </ClInclude>
  </ItemGroup>
  <ItemGroup>
    <Text Include="board XXX IS THIS OK.txt">
      <Filter>Misc Files</Filter>
    </Text>
    <Text Include="Data\Text.txt">
      <Filter>Misc Files</Filter>
    </Text>
    <Text Include="Data\Sensor data\wind_10_min.txt">
      <Filter>Misc Files</Filter>
    </Text>
    <Text Include="Data\Sensor data\last_time.txt">
      <Filter>Misc Files</Filter>
    </Text>
    <Text Include="Data\test1line.txt">
      <Filter>Misc Files</Filter>
    </Text>
    <Text Include="Data\test3lines.txt">
      <Filter>Misc Files</Filter>
    </Text>
    <Text Include="Data\Sensor data\d_Temp_F_10_min.txt">
      <Filter>Misc Files</Filter>
    </Text>
  </ItemGroup>
  <ItemGroup>
    <Image Include="Data\img\chart-icon-black-150px.png">
      <Filter>Misc Files</Filter>
    </Image>
    <Image Include="Data\img\chart-icon-red-150px.png">
      <Filter>Misc Files</Filter>
    </Image>
    <Image Include="Data\img\favicon-32.png">
      <Filter>Misc Files</Filter>
    </Image>
    <Image Include="Data\img\favicon-180.png">
      <Filter>Misc Files</Filter>
    </Image>
    <Image Include="Data\img\home-icon-black-150px.png">
      <Filter>Misc Files</Filter>
    </Image>
    <Image Include="Data\img\home-icon-red-150px.png">
      <Filter>Misc Files</Filter>
    </Image>
    <Image Include="Data\img\loading.gif">
      <Filter>Misc Files</Filter>
    </Image>
  </ItemGroup>
</Project>